
Microsoft Visual Studio Solution File, Format Version 12.00
# Visual Studio Version 17
VisualStudioVersion = 17.0.31903.59
MinimumVisualStudioVersion = 10.0.40219.1
Project("{2150E333-8FDC-42A3-9474-1A3956D46DE8}") = "Api", "Api", "{0D340120-EB5C-49C1-B358-F375974940FC}"
EndProject
Project("{FAE04EC0-301F-11D3-BF4B-00C04F79EFBC}") = "UrlShortener.Api", "UrlShortener.Api\UrlShortener.Api.csproj", "{D2A322BB-2651-465E-AA7A-A72FCB8165C2}"
EndProject
Global
	GlobalSection(SolutionConfigurationPlatforms) = preSolution
		Debug|Any CPU = Debug|Any CPU
		Release|Any CPU = Release|Any CPU
	EndGlobalSection
	GlobalSection(SolutionProperties) = preSolution
		HideSolutionNode = FALSE
	EndGlobalSection
	GlobalSection(ProjectConfigurationPlatforms) = postSolution
		{D2A322BB-2651-465E-AA7A-A72FCB8165C2}.Debug|Any CPU.ActiveCfg = Debug|Any CPU
		{D2A322BB-2651-465E-AA7A-A72FCB8165C2}.Debug|Any CPU.Build.0 = Debug|Any CPU
		{D2A322BB-2651-465E-AA7A-A72FCB8165C2}.Release|Any CPU.ActiveCfg = Release|Any CPU
		{D2A322BB-2651-465E-AA7A-A72FCB8165C2}.Release|Any CPU.Build.0 = Release|Any CPU
	EndGlobalSection
	GlobalSection(NestedProjects) = preSolution
		{D2A322BB-2651-465E-AA7A-A72FCB8165C2} = {0D340120-EB5C-49C1-B358-F375974940FC}
	EndGlobalSection
EndGlobal
